
Microsoft Visual Studio Solution File, Format Version 12.00
# Visual Studio Version 16
VisualStudioVersion = 16.0.30309.148
MinimumVisualStudioVersion = 10.0.40219.1
Project("{FAE04EC0-301F-11D3-BF4B-00C04F79EFBC}") = "Server", "Server\Server.csproj", "{E5F64768-A868-4987-A841-0B85D4C0FED2}"
EndProject
Global
	GlobalSection(SolutionConfigurationPlatforms) = preSolution
		Debug|Any CPU = Debug|Any CPU
		Release|Any CPU = Release|Any CPU
	EndGlobalSection
	GlobalSection(ProjectConfigurationPlatforms) = postSolution
		{E5F64768-A868-4987-A841-0B85D4C0FED2}.Debug|Any CPU.ActiveCfg = Debug|Any CPU
		{E5F64768-A868-4987-A841-0B85D4C0FED2}.Debug|Any CPU.Build.0 = Debug|Any CPU
		{E5F64768-A868-4987-A841-0B85D4C0FED2}.Release|Any CPU.ActiveCfg = Release|Any CPU
		{E5F64768-A868-4987-A841-0B85D4C0FED2}.Release|Any CPU.Build.0 = Release|Any CPU
	EndGlobalSection
	GlobalSection(SolutionProperties) = preSolution
		HideSolutionNode = FALSE
	EndGlobalSection
	GlobalSection(ExtensibilityGlobals) = postSolution
		SolutionGuid = {23B107F9-778C-4B6A-9191-119F1FD012B0}
	EndGlobalSection
EndGlobal
